
Microsoft Visual Studio Solution File, Format Version 12.00
# Visual Studio Version 17
VisualStudioVersion = 17.9.34728.123
MinimumVisualStudioVersion = 10.0.40219.1
Project("{2150E333-8FDC-42A3-9474-1A3956D46DE8}") = "src", "src", "{805EF018-FFAB-4D30-A326-005A110399B2}"
EndProject
Project("{2150E333-8FDC-42A3-9474-1A3956D46DE8}") = "test", "test", "{AE126BF0-6FB3-4738-90A0-DB161D46D046}"
EndProject
Project("{9A19103F-16F7-4668-BE54-9A1E7A4F7556}") = "DataStructure_And_Algorithms.test", "test\DataStructure_And_Algorithms.test\DataStructure_And_Algorithms.test.csproj", "{7A866A6B-19EE-4F9A-922F-AD119C36C9F8}"
EndProject
Project("{9A19103F-16F7-4668-BE54-9A1E7A4F7556}") = "DataStructure_And_Algorithms", "src\DataStructure_And_Algorithms.csproj", "{3CABC363-7B7B-4EEC-A667-C69D2956D11B}"
EndProject
Global
	GlobalSection(SolutionConfigurationPlatforms) = preSolution
		Debug|Any CPU = Debug|Any CPU
		Release|Any CPU = Release|Any CPU
	EndGlobalSection
	GlobalSection(ProjectConfigurationPlatforms) = postSolution
		{7A866A6B-19EE-4F9A-922F-AD119C36C9F8}.Debug|Any CPU.ActiveCfg = Debug|Any CPU
		{7A866A6B-19EE-4F9A-922F-AD119C36C9F8}.Debug|Any CPU.Build.0 = Debug|Any CPU
		{7A866A6B-19EE-4F9A-922F-AD119C36C9F8}.Release|Any CPU.ActiveCfg = Release|Any CPU
		{7A866A6B-19EE-4F9A-922F-AD119C36C9F8}.Release|Any CPU.Build.0 = Release|Any CPU
		{3CABC363-7B7B-4EEC-A667-C69D2956D11B}.Debug|Any CPU.ActiveCfg = Debug|Any CPU
		{3CABC363-7B7B-4EEC-A667-C69D2956D11B}.Debug|Any CPU.Build.0 = Debug|Any CPU
		{3CABC363-7B7B-4EEC-A667-C69D2956D11B}.Release|Any CPU.ActiveCfg = Release|Any CPU
		{3CABC363-7B7B-4EEC-A667-C69D2956D11B}.Release|Any CPU.Build.0 = Release|Any CPU
	EndGlobalSection
	GlobalSection(SolutionProperties) = preSolution
		HideSolutionNode = FALSE
	EndGlobalSection
	GlobalSection(NestedProjects) = preSolution
		{7A866A6B-19EE-4F9A-922F-AD119C36C9F8} = {AE126BF0-6FB3-4738-90A0-DB161D46D046}
		{3CABC363-7B7B-4EEC-A667-C69D2956D11B} = {805EF018-FFAB-4D30-A326-005A110399B2}
	EndGlobalSection
	GlobalSection(ExtensibilityGlobals) = postSolution
		SolutionGuid = {597BFF06-FF4F-44FB-BBD6-9AAAB78697A7}
	EndGlobalSection
EndGlobal
